
Microsoft Visual Studio Solution File, Format Version 12.00
# Visual Studio Version 16
VisualStudioVersion = 16.0.30114.105
MinimumVisualStudioVersion = 10.0.40219.1
Project("{FAE04EC0-301F-11D3-BF4B-00C04F79EFBC}") = "Crawler.Weather", "Crawler.Weather\Crawler.Weather.csproj", "{09DCF699-D4FA-4B7C-8EC6-A914C03119B8}"
EndProject
Project("{FAE04EC0-301F-11D3-BF4B-00C04F79EFBC}") = "Crawler.Weather.Gismeteo", "Crawler.Weather.Gismeteo\Crawler.Weather.Gismeteo.csproj", "{24ED03D9-CB47-4832-A8D4-5EA6FADDC8CE}"
EndProject
Project("{FAE04EC0-301F-11D3-BF4B-00C04F79EFBC}") = "Crawler.Infrastructure", "Crawler.Infrastructure\Crawler.Infrastructure.csproj", "{A7DDA475-6863-4FB5-AEF9-513193B9F273}"
EndProject
Project("{FAE04EC0-301F-11D3-BF4B-00C04F79EFBC}") = "CrawlerScheduler.Console", "CrawlerScheduler.Console\CrawlerScheduler.Console.csproj", "{1EE967A2-053E-4575-AC86-535905201333}"
EndProject
Global
	GlobalSection(SolutionConfigurationPlatforms) = preSolution
		Debug|Any CPU = Debug|Any CPU
		Release|Any CPU = Release|Any CPU
	EndGlobalSection
	GlobalSection(ProjectConfigurationPlatforms) = postSolution
		{09DCF699-D4FA-4B7C-8EC6-A914C03119B8}.Debug|Any CPU.ActiveCfg = Debug|Any CPU
		{09DCF699-D4FA-4B7C-8EC6-A914C03119B8}.Debug|Any CPU.Build.0 = Debug|Any CPU
		{09DCF699-D4FA-4B7C-8EC6-A914C03119B8}.Release|Any CPU.ActiveCfg = Release|Any CPU
		{09DCF699-D4FA-4B7C-8EC6-A914C03119B8}.Release|Any CPU.Build.0 = Release|Any CPU
		{24ED03D9-CB47-4832-A8D4-5EA6FADDC8CE}.Debug|Any CPU.ActiveCfg = Debug|Any CPU
		{24ED03D9-CB47-4832-A8D4-5EA6FADDC8CE}.Debug|Any CPU.Build.0 = Debug|Any CPU
		{24ED03D9-CB47-4832-A8D4-5EA6FADDC8CE}.Release|Any CPU.ActiveCfg = Release|Any CPU
		{24ED03D9-CB47-4832-A8D4-5EA6FADDC8CE}.Release|Any CPU.Build.0 = Release|Any CPU
		{A7DDA475-6863-4FB5-AEF9-513193B9F273}.Debug|Any CPU.ActiveCfg = Debug|Any CPU
		{A7DDA475-6863-4FB5-AEF9-513193B9F273}.Debug|Any CPU.Build.0 = Debug|Any CPU
		{A7DDA475-6863-4FB5-AEF9-513193B9F273}.Release|Any CPU.ActiveCfg = Release|Any CPU
		{A7DDA475-6863-4FB5-AEF9-513193B9F273}.Release|Any CPU.Build.0 = Release|Any CPU
		{1EE967A2-053E-4575-AC86-535905201333}.Debug|Any CPU.ActiveCfg = Debug|Any CPU
		{1EE967A2-053E-4575-AC86-535905201333}.Debug|Any CPU.Build.0 = Debug|Any CPU
		{1EE967A2-053E-4575-AC86-535905201333}.Release|Any CPU.ActiveCfg = Release|Any CPU
		{1EE967A2-053E-4575-AC86-535905201333}.Release|Any CPU.Build.0 = Release|Any CPU
	EndGlobalSection
	GlobalSection(SolutionProperties) = preSolution
		HideSolutionNode = FALSE
	EndGlobalSection
	GlobalSection(ExtensibilityGlobals) = postSolution
		SolutionGuid = {335C3AFB-4434-440D-8308-D281A1653FAF}
	EndGlobalSection
EndGlobal
